
Microsoft Visual Studio Solution File, Format Version 12.00
# Visual Studio Version 17
VisualStudioVersion = 17.3.32901.215
MinimumVisualStudioVersion = 10.0.40219.1
Project("{8BC9CEB8-8B4A-11D0-8D11-00A0C91BC942}") = "01_oop_intro", "01_oop_intro\01_oop_intro.vcxproj", "{0E8B218D-680E-440B-8ED7-E2B95EED027C}"
EndProject
Project("{8BC9CEB8-8B4A-11D0-8D11-00A0C91BC942}") = "02_constructors", "02_constructors\02_constructors.vcxproj", "{2B2077D7-BED4-4640-84F7-588C938937DA}"
EndProject
Project("{8BC9CEB8-8B4A-11D0-8D11-00A0C91BC942}") = "03_destructors", "03_destructors\03_destructors.vcxproj", "{0BB07827-2F02-44B0-8BEF-737D875CD786}"
EndProject
Project("{8BC9CEB8-8B4A-11D0-8D11-00A0C91BC942}") = "04_string_class", "04_string_class\04_string_class.vcxproj", "{00E29CAF-C3D7-4096-90C3-99E9C382E726}"
EndProject
Project("{8BC9CEB8-8B4A-11D0-8D11-00A0C91BC942}") = "05_overload_operators", "05_overload_operators\05_overload_operators.vcxproj", "{49E97F13-275B-4882-A178-5D2A6CAB827E}"
EndProject
Project("{8BC9CEB8-8B4A-11D0-8D11-00A0C91BC942}") = "06_inheritance", "06_inheritance\06_inheritance.vcxproj", "{4236FE51-92A0-4B93-B02B-E6E67A9797EF}"
EndProject
Project("{8BC9CEB8-8B4A-11D0-8D11-00A0C91BC942}") = "07_polymorphism", "07_inheritance_part_2\07_inheritance_part_2.vcxproj", "{1395CF6A-8028-4E8E-B6AF-19488F73C5C0}"
EndProject
Project("{8BC9CEB8-8B4A-11D0-8D11-00A0C91BC942}") = "08_abstract_class", "08_abstract_class\08_abstract_class.vcxproj", "{85031B3B-9D2F-445D-AC21-D360E8F0677B}"
EndProject
Project("{8BC9CEB8-8B4A-11D0-8D11-00A0C91BC942}") = "09_abstract_classes", "09_abstract_classes\09_abstract_classes.vcxproj", "{9818CBBE-CC6A-4A99-ABD5-CD1D9FB304BB}"
EndProject
Project("{8BC9CEB8-8B4A-11D0-8D11-00A0C91BC942}") = "10_virtual_destructor", "10_virtual_destructor\10_virtual_destructor.vcxproj", "{1E4AAF0D-7B97-4933-A875-05E0BEA6F166}"
EndProject
Project("{8BC9CEB8-8B4A-11D0-8D11-00A0C91BC942}") = "11_exceptions", "11_exceptions\11_exceptions.vcxproj", "{7990FE8A-F32E-45F0-81FA-B437CD78FF8D}"
EndProject
Project("{8BC9CEB8-8B4A-11D0-8D11-00A0C91BC942}") = "12_system_exceptions", "12_system_exceptions\12_system_exceptions.vcxproj", "{C64EF15B-E6F7-41D5-9063-7C862C5D8184}"
EndProject
Project("{8BC9CEB8-8B4A-11D0-8D11-00A0C91BC942}") = "13_app_exceptions", "13_app_exceptions\13_app_exceptions.vcxproj", "{CD06E82B-C5A6-4232-827E-EF78EEF90CF1}"
EndProject
Project("{2150E333-8FDC-42A3-9474-1A3956D46DE8}") = "14_data_structures", "14_data_structures", "{4A363D4E-E93B-47C3-B270-67C6E58A0E96}"
EndProject
Project("{8BC9CEB8-8B4A-11D0-8D11-00A0C91BC942}") = "01_stack", "01_stack\01_stack.vcxproj", "{D09036C9-4EDC-4D45-AAF7-CD8E467D63A2}"
EndProject
Project("{8BC9CEB8-8B4A-11D0-8D11-00A0C91BC942}") = "02_simple_queue", "02_simple_queue\02_simple_queue.vcxproj", "{B71EC4E8-30E4-4CC2-9B2E-FC2BC1DC85DC}"
EndProject
Project("{8BC9CEB8-8B4A-11D0-8D11-00A0C91BC942}") = "03_circular_queue", "03_circular_queue\03_circular_queue.vcxproj", "{4F05E2D2-C42A-4D62-903B-BB08F1B7F626}"
EndProject
Project("{8BC9CEB8-8B4A-11D0-8D11-00A0C91BC942}") = "04_priority_queue", "04_priority_queue\04_priority_queue.vcxproj", "{71E812B7-17EC-4922-8705-3F974D3066C0}"
EndProject
Project("{8BC9CEB8-8B4A-11D0-8D11-00A0C91BC942}") = "05_single_list", "05_single_list\05_single_list.vcxproj", "{AFB9B2A8-D223-41FA-BB6C-60150DBB8FAD}"
EndProject
Project("{8BC9CEB8-8B4A-11D0-8D11-00A0C91BC942}") = "06_double_list", "06_double_list\06_double_list.vcxproj", "{42280D08-7AE9-4169-9D55-19C17A5DD4C2}"
EndProject
Project("{8BC9CEB8-8B4A-11D0-8D11-00A0C91BC942}") = "07_dictionary", "07_dictionary\07_dictionary.vcxproj", "{EF0CA8B7-6585-4653-BA84-3979D1688109}"
EndProject
Global
	GlobalSection(SolutionConfigurationPlatforms) = preSolution
		Debug|x64 = Debug|x64
		Debug|x86 = Debug|x86
		Release|x64 = Release|x64
		Release|x86 = Release|x86
	EndGlobalSection
	GlobalSection(ProjectConfigurationPlatforms) = postSolution
		{0E8B218D-680E-440B-8ED7-E2B95EED027C}.Debug|x64.ActiveCfg = Debug|x64
		{0E8B218D-680E-440B-8ED7-E2B95EED027C}.Debug|x64.Build.0 = Debug|x64
		{0E8B218D-680E-440B-8ED7-E2B95EED027C}.Debug|x86.ActiveCfg = Debug|Win32
		{0E8B218D-680E-440B-8ED7-E2B95EED027C}.Debug|x86.Build.0 = Debug|Win32
		{0E8B218D-680E-440B-8ED7-E2B95EED027C}.Release|x64.ActiveCfg = Release|x64
		{0E8B218D-680E-440B-8ED7-E2B95EED027C}.Release|x64.Build.0 = Release|x64
		{0E8B218D-680E-440B-8ED7-E2B95EED027C}.Release|x86.ActiveCfg = Release|Win32
		{0E8B218D-680E-440B-8ED7-E2B95EED027C}.Release|x86.Build.0 = Release|Win32
		{2B2077D7-BED4-4640-84F7-588C938937DA}.Debug|x64.ActiveCfg = Debug|x64
		{2B2077D7-BED4-4640-84F7-588C938937DA}.Debug|x64.Build.0 = Debug|x64
		{2B2077D7-BED4-4640-84F7-588C938937DA}.Debug|x86.ActiveCfg = Debug|Win32
		{2B2077D7-BED4-4640-84F7-588C938937DA}.Debug|x86.Build.0 = Debug|Win32
		{2B2077D7-BED4-4640-84F7-588C938937DA}.Release|x64.ActiveCfg = Release|x64
		{2B2077D7-BED4-4640-84F7-588C938937DA}.Release|x64.Build.0 = Release|x64
		{2B2077D7-BED4-4640-84F7-588C938937DA}.Release|x86.ActiveCfg = Release|Win32
		{2B2077D7-BED4-4640-84F7-588C938937DA}.Release|x86.Build.0 = Release|Win32
		{0BB07827-2F02-44B0-8BEF-737D875CD786}.Debug|x64.ActiveCfg = Debug|x64
		{0BB07827-2F02-44B0-8BEF-737D875CD786}.Debug|x64.Build.0 = Debug|x64
		{0BB07827-2F02-44B0-8BEF-737D875CD786}.Debug|x86.ActiveCfg = Debug|Win32
		{0BB07827-2F02-44B0-8BEF-737D875CD786}.Debug|x86.Build.0 = Debug|Win32
		{0BB07827-2F02-44B0-8BEF-737D875CD786}.Release|x64.ActiveCfg = Release|x64
		{0BB07827-2F02-44B0-8BEF-737D875CD786}.Release|x64.Build.0 = Release|x64
		{0BB07827-2F02-44B0-8BEF-737D875CD786}.Release|x86.ActiveCfg = Release|Win32
		{0BB07827-2F02-44B0-8BEF-737D875CD786}.Release|x86.Build.0 = Release|Win32
		{00E29CAF-C3D7-4096-90C3-99E9C382E726}.Debug|x64.ActiveCfg = Debug|x64
		{00E29CAF-C3D7-4096-90C3-99E9C382E726}.Debug|x64.Build.0 = Debug|x64
		{00E29CAF-C3D7-4096-90C3-99E9C382E726}.Debug|x86.ActiveCfg = Debug|Win32
		{00E29CAF-C3D7-4096-90C3-99E9C382E726}.Debug|x86.Build.0 = Debug|Win32
		{00E29CAF-C3D7-4096-90C3-99E9C382E726}.Release|x64.ActiveCfg = Release|x64
		{00E29CAF-C3D7-4096-90C3-99E9C382E726}.Release|x64.Build.0 = Release|x64
		{00E29CAF-C3D7-4096-90C3-99E9C382E726}.Release|x86.ActiveCfg = Release|Win32
		{00E29CAF-C3D7-4096-90C3-99E9C382E726}.Release|x86.Build.0 = Release|Win32
		{49E97F13-275B-4882-A178-5D2A6CAB827E}.Debug|x64.ActiveCfg = Debug|x64
		{49E97F13-275B-4882-A178-5D2A6CAB827E}.Debug|x64.Build.0 = Debug|x64
		{49E97F13-275B-4882-A178-5D2A6CAB827E}.Debug|x86.ActiveCfg = Debug|Win32
		{49E97F13-275B-4882-A178-5D2A6CAB827E}.Debug|x86.Build.0 = Debug|Win32
		{49E97F13-275B-4882-A178-5D2A6CAB827E}.Release|x64.ActiveCfg = Release|x64
		{49E97F13-275B-4882-A178-5D2A6CAB827E}.Release|x64.Build.0 = Release|x64
		{49E97F13-275B-4882-A178-5D2A6CAB827E}.Release|x86.ActiveCfg = Release|Win32
		{49E97F13-275B-4882-A178-5D2A6CAB827E}.Release|x86.Build.0 = Release|Win32
		{4236FE51-92A0-4B93-B02B-E6E67A9797EF}.Debug|x64.ActiveCfg = Debug|x64
		{4236FE51-92A0-4B93-B02B-E6E67A9797EF}.Debug|x64.Build.0 = Debug|x64
		{4236FE51-92A0-4B93-B02B-E6E67A9797EF}.Debug|x86.ActiveCfg = Debug|Win32
		{4236FE51-92A0-4B93-B02B-E6E67A9797EF}.Debug|x86.Build.0 = Debug|Win32
		{4236FE51-92A0-4B93-B02B-E6E67A9797EF}.Release|x64.ActiveCfg = Release|x64
		{4236FE51-92A0-4B93-B02B-E6E67A9797EF}.Release|x64.Build.0 = Release|x64
		{4236FE51-92A0-4B93-B02B-E6E67A9797EF}.Release|x86.ActiveCfg = Release|Win32
		{4236FE51-92A0-4B93-B02B-E6E67A9797EF}.Release|x86.Build.0 = Release|Win32
		{1395CF6A-8028-4E8E-B6AF-19488F73C5C0}.Debug|x64.ActiveCfg = Debug|x64
		{1395CF6A-8028-4E8E-B6AF-19488F73C5C0}.Debug|x64.Build.0 = Debug|x64
		{1395CF6A-8028-4E8E-B6AF-19488F73C5C0}.Debug|x86.ActiveCfg = Debug|Win32
		{1395CF6A-8028-4E8E-B6AF-19488F73C5C0}.Debug|x86.Build.0 = Debug|Win32
		{1395CF6A-8028-4E8E-B6AF-19488F73C5C0}.Release|x64.ActiveCfg = Release|x64
		{1395CF6A-8028-4E8E-B6AF-19488F73C5C0}.Release|x64.Build.0 = Release|x64
		{1395CF6A-8028-4E8E-B6AF-19488F73C5C0}.Release|x86.ActiveCfg = Release|Win32
		{1395CF6A-8028-4E8E-B6AF-19488F73C5C0}.Release|x86.Build.0 = Release|Win32
		{85031B3B-9D2F-445D-AC21-D360E8F0677B}.Debug|x64.ActiveCfg = Debug|x64
		{85031B3B-9D2F-445D-AC21-D360E8F0677B}.Debug|x64.Build.0 = Debug|x64
		{85031B3B-9D2F-445D-AC21-D360E8F0677B}.Debug|x86.ActiveCfg = Debug|Win32
		{85031B3B-9D2F-445D-AC21-D360E8F0677B}.Debug|x86.Build.0 = Debug|Win32
		{85031B3B-9D2F-445D-AC21-D360E8F0677B}.Release|x64.ActiveCfg = Release|x64
		{85031B3B-9D2F-445D-AC21-D360E8F0677B}.Release|x64.Build.0 = Release|x64
		{85031B3B-9D2F-445D-AC21-D360E8F0677B}.Release|x86.ActiveCfg = Release|Win32
		{85031B3B-9D2F-445D-AC21-D360E8F0677B}.Release|x86.Build.0 = Release|Win32
		{9818CBBE-CC6A-4A99-ABD5-CD1D9FB304BB}.Debug|x64.ActiveCfg = Debug|x64
		{9818CBBE-CC6A-4A99-ABD5-CD1D9FB304BB}.Debug|x64.Build.0 = Debug|x64
		{9818CBBE-CC6A-4A99-ABD5-CD1D9FB304BB}.Debug|x86.ActiveCfg = Debug|Win32
		{9818CBBE-CC6A-4A99-ABD5-CD1D9FB304BB}.Debug|x86.Build.0 = Debug|Win32
		{9818CBBE-CC6A-4A99-ABD5-CD1D9FB304BB}.Release|x64.ActiveCfg = Release|x64
		{9818CBBE-CC6A-4A99-ABD5-CD1D9FB304BB}.Release|x64.Build.0 = Release|x64
		{9818CBBE-CC6A-4A99-ABD5-CD1D9FB304BB}.Release|x86.ActiveCfg = Release|Win32
		{9818CBBE-CC6A-4A99-ABD5-CD1D9FB304BB}.Release|x86.Build.0 = Release|Win32
		{1E4AAF0D-7B97-4933-A875-05E0BEA6F166}.Debug|x64.ActiveCfg = Debug|x64
		{1E4AAF0D-7B97-4933-A875-05E0BEA6F166}.Debug|x64.Build.0 = Debug|x64
		{1E4AAF0D-7B97-4933-A875-05E0BEA6F166}.Debug|x86.ActiveCfg = Debug|Win32
		{1E4AAF0D-7B97-4933-A875-05E0BEA6F166}.Debug|x86.Build.0 = Debug|Win32
		{1E4AAF0D-7B97-4933-A875-05E0BEA6F166}.Release|x64.ActiveCfg = Release|x64
		{1E4AAF0D-7B97-4933-A875-05E0BEA6F166}.Release|x64.Build.0 = Release|x64
		{1E4AAF0D-7B97-4933-A875-05E0BEA6F166}.Release|x86.ActiveCfg = Release|Win32
		{1E4AAF0D-7B97-4933-A875-05E0BEA6F166}.Release|x86.Build.0 = Release|Win32
		{7990FE8A-F32E-45F0-81FA-B437CD78FF8D}.Debug|x64.ActiveCfg = Debug|x64
		{7990FE8A-F32E-45F0-81FA-B437CD78FF8D}.Debug|x64.Build.0 = Debug|x64
		{7990FE8A-F32E-45F0-81FA-B437CD78FF8D}.Debug|x86.ActiveCfg = Debug|Win32
		{7990FE8A-F32E-45F0-81FA-B437CD78FF8D}.Debug|x86.Build.0 = Debug|Win32
		{7990FE8A-F32E-45F0-81FA-B437CD78FF8D}.Release|x64.ActiveCfg = Release|x64
		{7990FE8A-F32E-45F0-81FA-B437CD78FF8D}.Release|x64.Build.0 = Release|x64
		{7990FE8A-F32E-45F0-81FA-B437CD78FF8D}.Release|x86.ActiveCfg = Release|Win32
		{7990FE8A-F32E-45F0-81FA-B437CD78FF8D}.Release|x86.Build.0 = Release|Win32
		{C64EF15B-E6F7-41D5-9063-7C862C5D8184}.Debug|x64.ActiveCfg = Debug|x64
		{C64EF15B-E6F7-41D5-9063-7C862C5D8184}.Debug|x64.Build.0 = Debug|x64
		{C64EF15B-E6F7-41D5-9063-7C862C5D8184}.Debug|x86.ActiveCfg = Debug|Win32
		{C64EF15B-E6F7-41D5-9063-7C862C5D8184}.Debug|x86.Build.0 = Debug|Win32
		{C64EF15B-E6F7-41D5-9063-7C862C5D8184}.Release|x64.ActiveCfg = Release|x64
		{C64EF15B-E6F7-41D5-9063-7C862C5D8184}.Release|x64.Build.0 = Release|x64
		{C64EF15B-E6F7-41D5-9063-7C862C5D8184}.Release|x86.ActiveCfg = Release|Win32
		{C64EF15B-E6F7-41D5-9063-7C862C5D8184}.Release|x86.Build.0 = Release|Win32
		{CD06E82B-C5A6-4232-827E-EF78EEF90CF1}.Debug|x64.ActiveCfg = Debug|x64
		{CD06E82B-C5A6-4232-827E-EF78EEF90CF1}.Debug|x64.Build.0 = Debug|x64
		{CD06E82B-C5A6-4232-827E-EF78EEF90CF1}.Debug|x86.ActiveCfg = Debug|Win32
		{CD06E82B-C5A6-4232-827E-EF78EEF90CF1}.Debug|x86.Build.0 = Debug|Win32
		{CD06E82B-C5A6-4232-827E-EF78EEF90CF1}.Release|x64.ActiveCfg = Release|x64
		{CD06E82B-C5A6-4232-827E-EF78EEF90CF1}.Release|x64.Build.0 = Release|x64
		{CD06E82B-C5A6-4232-827E-EF78EEF90CF1}.Release|x86.ActiveCfg = Release|Win32
		{CD06E82B-C5A6-4232-827E-EF78EEF90CF1}.Release|x86.Build.0 = Release|Win32
		{D09036C9-4EDC-4D45-AAF7-CD8E467D63A2}.Debug|x64.ActiveCfg = Debug|x64
		{D09036C9-4EDC-4D45-AAF7-CD8E467D63A2}.Debug|x64.Build.0 = Debug|x64
		{D09036C9-4EDC-4D45-AAF7-CD8E467D63A2}.Debug|x86.ActiveCfg = Debug|Win32
		{D09036C9-4EDC-4D45-AAF7-CD8E467D63A2}.Debug|x86.Build.0 = Debug|Win32
		{D09036C9-4EDC-4D45-AAF7-CD8E467D63A2}.Release|x64.ActiveCfg = Release|x64
		{D09036C9-4EDC-4D45-AAF7-CD8E467D63A2}.Release|x64.Build.0 = Release|x64
		{D09036C9-4EDC-4D45-AAF7-CD8E467D63A2}.Release|x86.ActiveCfg = Release|Win32
		{D09036C9-4EDC-4D45-AAF7-CD8E467D63A2}.Release|x86.Build.0 = Release|Win32
		{B71EC4E8-30E4-4CC2-9B2E-FC2BC1DC85DC}.Debug|x64.ActiveCfg = Debug|x64
		{B71EC4E8-30E4-4CC2-9B2E-FC2BC1DC85DC}.Debug|x64.Build.0 = Debug|x64
		{B71EC4E8-30E4-4CC2-9B2E-FC2BC1DC85DC}.Debug|x86.ActiveCfg = Debug|Win32
		{B71EC4E8-30E4-4CC2-9B2E-FC2BC1DC85DC}.Debug|x86.Build.0 = Debug|Win32
		{B71EC4E8-30E4-4CC2-9B2E-FC2BC1DC85DC}.Release|x64.ActiveCfg = Release|x64
		{B71EC4E8-30E4-4CC2-9B2E-FC2BC1DC85DC}.Release|x64.Build.0 = Release|x64
		{B71EC4E8-30E4-4CC2-9B2E-FC2BC1DC85DC}.Release|x86.ActiveCfg = Release|Win32
		{B71EC4E8-30E4-4CC2-9B2E-FC2BC1DC85DC}.Release|x86.Build.0 = Release|Win32
		{4F05E2D2-C42A-4D62-903B-BB08F1B7F626}.Debug|x64.ActiveCfg = Debug|x64
		{4F05E2D2-C42A-4D62-903B-BB08F1B7F626}.Debug|x64.Build.0 = Debug|x64
		{4F05E2D2-C42A-4D62-903B-BB08F1B7F626}.Debug|x86.ActiveCfg = Debug|Win32
		{4F05E2D2-C42A-4D62-903B-BB08F1B7F626}.Debug|x86.Build.0 = Debug|Win32
		{4F05E2D2-C42A-4D62-903B-BB08F1B7F626}.Release|x64.ActiveCfg = Release|x64
		{4F05E2D2-C42A-4D62-903B-BB08F1B7F626}.Release|x64.Build.0 = Release|x64
		{4F05E2D2-C42A-4D62-903B-BB08F1B7F626}.Release|x86.ActiveCfg = Release|Win32
		{4F05E2D2-C42A-4D62-903B-BB08F1B7F626}.Release|x86.Build.0 = Release|Win32
		{71E812B7-17EC-4922-8705-3F974D3066C0}.Debug|x64.ActiveCfg = Debug|x64
		{71E812B7-17EC-4922-8705-3F974D3066C0}.Debug|x64.Build.0 = Debug|x64
		{71E812B7-17EC-4922-8705-3F974D3066C0}.Debug|x86.ActiveCfg = Debug|Win32
		{71E812B7-17EC-4922-8705-3F974D3066C0}.Debug|x86.Build.0 = Debug|Win32
		{71E812B7-17EC-4922-8705-3F974D3066C0}.Release|x64.ActiveCfg = Release|x64
		{71E812B7-17EC-4922-8705-3F974D3066C0}.Release|x64.Build.0 = Release|x64
		{71E812B7-17EC-4922-8705-3F974D3066C0}.Release|x86.ActiveCfg = Release|Win32
		{71E812B7-17EC-4922-8705-3F974D3066C0}.Release|x86.Build.0 = Release|Win32
		{AFB9B2A8-D223-41FA-BB6C-60150DBB8FAD}.Debug|x64.ActiveCfg = Debug|x64
		{AFB9B2A8-D223-41FA-BB6C-60150DBB8FAD}.Debug|x64.Build.0 = Debug|x64
		{AFB9B2A8-D223-41FA-BB6C-60150DBB8FAD}.Debug|x86.ActiveCfg = Debug|Win32
		{AFB9B2A8-D223-41FA-BB6C-60150DBB8FAD}.Debug|x86.Build.0 = Debug|Win32
		{AFB9B2A8-D223-41FA-BB6C-60150DBB8FAD}.Release|x64.ActiveCfg = Release|x64
		{AFB9B2A8-D223-41FA-BB6C-60150DBB8FAD}.Release|x64.Build.0 = Release|x64
		{AFB9B2A8-D223-41FA-BB6C-60150DBB8FAD}.Release|x86.ActiveCfg = Release|Win32
		{AFB9B2A8-D223-41FA-BB6C-60150DBB8FAD}.Release|x86.Build.0 = Release|Win32
		{42280D08-7AE9-4169-9D55-19C17A5DD4C2}.Debug|x64.ActiveCfg = Debug|x64
		{42280D08-7AE9-4169-9D55-19C17A5DD4C2}.Debug|x64.Build.0 = Debug|x64
		{42280D08-7AE9-4169-9D55-19C17A5DD4C2}.Debug|x86.ActiveCfg = Debug|Win32
		{42280D08-7AE9-4169-9D55-19C17A5DD4C2}.Debug|x86.Build.0 = Debug|Win32
		{42280D08-7AE9-4169-9D55-19C17A5DD4C2}.Release|x64.ActiveCfg = Release|x64
		{42280D08-7AE9-4169-9D55-19C17A5DD4C2}.Release|x64.Build.0 = Release|x64
		{42280D08-7AE9-4169-9D55-19C17A5DD4C2}.Release|x86.ActiveCfg = Release|Win32
		{42280D08-7AE9-4169-9D55-19C17A5DD4C2}.Release|x86.Build.0 = Release|Win32
		{EF0CA8B7-6585-4653-BA84-3979D1688109}.Debug|x64.ActiveCfg = Debug|x64
		{EF0CA8B7-6585-4653-BA84-3979D1688109}.Debug|x64.Build.0 = Debug|x64
		{EF0CA8B7-6585-4653-BA84-3979D1688109}.Debug|x86.ActiveCfg = Debug|Win32
		{EF0CA8B7-6585-4653-BA84-3979D1688109}.Debug|x86.Build.0 = Debug|Win32
		{EF0CA8B7-6585-4653-BA84-3979D1688109}.Release|x64.ActiveCfg = Release|x64
		{EF0CA8B7-6585-4653-BA84-3979D1688109}.Release|x64.Build.0 = Release|x64
		{EF0CA8B7-6585-4653-BA84-3979D1688109}.Release|x86.ActiveCfg = Release|Win32
		{EF0CA8B7-6585-4653-BA84-3979D1688109}.Release|x86.Build.0 = Release|Win32
	EndGlobalSection
	GlobalSection(SolutionProperties) = preSolution
		HideSolutionNode = FALSE
	EndGlobalSection
	GlobalSection(NestedProjects) = preSolution
		{D09036C9-4EDC-4D45-AAF7-CD8E467D63A2} = {4A363D4E-E93B-47C3-B270-67C6E58A0E96}
		{B71EC4E8-30E4-4CC2-9B2E-FC2BC1DC85DC} = {4A363D4E-E93B-47C3-B270-67C6E58A0E96}
		{4F05E2D2-C42A-4D62-903B-BB08F1B7F626} = {4A363D4E-E93B-47C3-B270-67C6E58A0E96}
		{71E812B7-17EC-4922-8705-3F974D3066C0} = {4A363D4E-E93B-47C3-B270-67C6E58A0E96}
		{AFB9B2A8-D223-41FA-BB6C-60150DBB8FAD} = {4A363D4E-E93B-47C3-B270-67C6E58A0E96}
		{42280D08-7AE9-4169-9D55-19C17A5DD4C2} = {4A363D4E-E93B-47C3-B270-67C6E58A0E96}
		{EF0CA8B7-6585-4653-BA84-3979D1688109} = {4A363D4E-E93B-47C3-B270-67C6E58A0E96}
	EndGlobalSection
	GlobalSection(ExtensibilityGlobals) = postSolution
		SolutionGuid = {75808A03-40B2-425B-ACE0-467FEBE46949}
	EndGlobalSection
EndGlobal
